
Microsoft Visual Studio Solution File, Format Version 12.00
# Visual Studio Version 17
VisualStudioVersion = 17.8.34309.116
MinimumVisualStudioVersion = 10.0.40219.1
Project("{9A19103F-16F7-4668-BE54-9A1E7A4F7556}") = "MultimediaLibrary", "MultimediaLibrary.csproj", "{F11D4038-559C-4A0D-9BB1-3C7E7A094191}"
EndProject
Global
	GlobalSection(SolutionConfigurationPlatforms) = preSolution
		Debug|Any CPU = Debug|Any CPU
		Release|Any CPU = Release|Any CPU
	EndGlobalSection
	GlobalSection(ProjectConfigurationPlatforms) = postSolution
		{F11D4038-559C-4A0D-9BB1-3C7E7A094191}.Debug|Any CPU.ActiveCfg = Debug|Any CPU
		{F11D4038-559C-4A0D-9BB1-3C7E7A094191}.Debug|Any CPU.Build.0 = Debug|Any CPU
		{F11D4038-559C-4A0D-9BB1-3C7E7A094191}.Release|Any CPU.ActiveCfg = Release|Any CPU
		{F11D4038-559C-4A0D-9BB1-3C7E7A094191}.Release|Any CPU.Build.0 = Release|Any CPU
	EndGlobalSection
	GlobalSection(SolutionProperties) = preSolution
		HideSolutionNode = FALSE
	EndGlobalSection
	GlobalSection(ExtensibilityGlobals) = postSolution
		SolutionGuid = {6F321C5E-FAFE-40B7-92CA-E98A34541586}
	EndGlobalSection
EndGlobal
